
Microsoft Visual Studio Solution File, Format Version 12.00
# Visual Studio 2012
Project("{FAE04EC0-301F-11D3-BF4B-00C04F79EFBC}") = "Goods", "Goods\Goods.csproj", "{B05D0C32-2171-4856-B292-E87FABF11778}"
EndProject
Global
	GlobalSection(SolutionConfigurationPlatforms) = preSolution
		Debug|x86 = Debug|x86
		Release|x86 = Release|x86
	EndGlobalSection
	GlobalSection(ProjectConfigurationPlatforms) = postSolution
		{B05D0C32-2171-4856-B292-E87FABF11778}.Debug|x86.ActiveCfg = Debug|x86
		{B05D0C32-2171-4856-B292-E87FABF11778}.Debug|x86.Build.0 = Debug|x86
		{B05D0C32-2171-4856-B292-E87FABF11778}.Release|x86.ActiveCfg = Release|x86
		{B05D0C32-2171-4856-B292-E87FABF11778}.Release|x86.Build.0 = Release|x86
	EndGlobalSection
EndGlobal
